{
  "originHash" : "aa5dbae971355564077c992ad31396d61b5067d62c643f0583843ece0ebc61c9",
  "pins" : [
    {
      "identity" : "swiftanvil-anvil-template",
      "kind" : "remoteSourceControl",
      "location" : "https://github.com/swiftanvil/swiftanvil-anvil-template.git",
      "state" : {
        "revision" : "f98369dd59b0b4bb11e0ca5c1980946128cd0270",
        "version" : "1.0.0"
      }
    }
  ],
  "version" : 3
}
